
Microsoft Visual Studio Solution File, Format Version 12.00
Project("{FAE04EC0-301F-11D3-BF4B-00C04F79EFBC}") = "Weather Application", "Weather Application.csproj", "{87274829-35E3-43C4-B788-48F6F6C72294}"
EndProject
Global
	GlobalSection(SolutionConfigurationPlatforms) = preSolution
		Debug|Any CPU = Debug|Any CPU
		Release|Any CPU = Release|Any CPU
	EndGlobalSection
	GlobalSection(ProjectConfigurationPlatforms) = postSolution
		{87274829-35E3-43C4-B788-48F6F6C72294}.Debug|Any CPU.ActiveCfg = Debug|Any CPU
		{87274829-35E3-43C4-B788-48F6F6C72294}.Debug|Any CPU.Build.0 = Debug|Any CPU
		{87274829-35E3-43C4-B788-48F6F6C72294}.Release|Any CPU.ActiveCfg = Release|Any CPU
		{87274829-35E3-43C4-B788-48F6F6C72294}.Release|Any CPU.Build.0 = Release|Any CPU
	EndGlobalSection
EndGlobal
